// !$*UTF8*$!
{
	archiveVersion = 1;
	classes = {
	};
	objectVersion = 52;
	objects = {

/* Begin PBXBuildFile section */
		3403A3022406B70F00D7B040 /* AppDelegate.swift in Sources */ = {isa = PBXBuildFile; fileRef = 3403A3012406B70F00D7B040 /* AppDelegate.swift */; };
		3403A3042406B70F00D7B040 /* SceneDelegate.swift in Sources */ = {isa = PBXBuildFile; fileRef = 3403A3032406B70F00D7B040 /* SceneDelegate.swift */; };
		3403A3082406B71100D7B040 /* Assets.xcassets in Resources */ = {isa = PBXBuildFile; fileRef = 3403A3072406B71100D7B040 /* Assets.xcassets */; };
		3403A30B2406B71100D7B040 /* Preview Assets.xcassets in Resources */ = {isa = PBXBuildFile; fileRef = 3403A30A2406B71100D7B040 /* Preview Assets.xcassets */; };
		3403A30E2406B71100D7B040 /* LaunchScreen.storyboard in Resources */ = {isa = PBXBuildFile; fileRef = 3403A30C2406B71100D7B040 /* LaunchScreen.storyboard */; };
		3403A31A2408099500D7B040 /* LostPets.swift in Sources */ = {isa = PBXBuildFile; fileRef = 3403A3192408099500D7B040 /* LostPets.swift */; };
		34041A8E245313F800722D9A /* ModalHeader.swift in Sources */ = {isa = PBXBuildFile; fileRef = 34041A8D245313F800722D9A /* ModalHeader.swift */; };
		340A1981249BB0C900D49461 /* AddLostPetMapView.swift in Sources */ = {isa = PBXBuildFile; fileRef = 340A1980249BB0C900D49461 /* AddLostPetMapView.swift */; };
		341D20DA241CDDCB00C706A2 /* ViewExtensions.swift in Sources */ = {isa = PBXBuildFile; fileRef = 341D20D9241CDDCB00C706A2 /* ViewExtensions.swift */; };
		341D20DC241CDE0B00C706A2 /* NavigationBarModifier.swift in Sources */ = {isa = PBXBuildFile; fileRef = 341D20DB241CDE0B00C706A2 /* NavigationBarModifier.swift */; };
		3445A798240A80AF0020561B /* ColorPalette.xcassets in Resources */ = {isa = PBXBuildFile; fileRef = 3445A797240A80AF0020561B /* ColorPalette.xcassets */; };
		3445A79F240B0C3F0020561B /* CardWithBackground.swift in Sources */ = {isa = PBXBuildFile; fileRef = 3445A79E240B0C3F0020561B /* CardWithBackground.swift */; };
		344723BD24ABA9CD003B9F50 /* LostPetView.swift in Sources */ = {isa = PBXBuildFile; fileRef = 344723BC24ABA9CD003B9F50 /* LostPetView.swift */; };
		344723C124ABB098003B9F50 /* TabItem.swift in Sources */ = {isa = PBXBuildFile; fileRef = 344723C024ABB098003B9F50 /* TabItem.swift */; };
		344723C824ABC64A003B9F50 /* ButtonApplePay.swift in Sources */ = {isa = PBXBuildFile; fileRef = 344723C724ABC64A003B9F50 /* ButtonApplePay.swift */; };
		345AE3AB241A7A8E004EBE8C /* Modal.swift in Sources */ = {isa = PBXBuildFile; fileRef = 345AE3A7241A7A8E004EBE8C /* Modal.swift */; };
		345AE3AC241A7A8E004EBE8C /* ModalView.swift in Sources */ = {isa = PBXBuildFile; fileRef = 345AE3A8241A7A8E004EBE8C /* ModalView.swift */; };
		345AE3AD241A7A8E004EBE8C /* ModalAnchorView.swift in Sources */ = {isa = PBXBuildFile; fileRef = 345AE3A9241A7A8E004EBE8C /* ModalAnchorView.swift */; };
		345AE3AE241A7A8E004EBE8C /* ModalManager.swift in Sources */ = {isa = PBXBuildFile; fileRef = 345AE3AA241A7A8E004EBE8C /* ModalManager.swift */; };
		345AE3B0241A7ABD004EBE8C /* ContentView.swift in Sources */ = {isa = PBXBuildFile; fileRef = 345AE3AF241A7ABD004EBE8C /* ContentView.swift */; };
		3461D3DB245C219B009D389E /* Extensions.swift in Sources */ = {isa = PBXBuildFile; fileRef = 3461D3DA245C219B009D389E /* Extensions.swift */; };
		346DFE1F258503F600449492 /* Picture.swift in Sources */ = {isa = PBXBuildFile; fileRef = 346DFE1E258503F600449492 /* Picture.swift */; };
		34AA9DA925850D180087798C /* MyUser.swift in Sources */ = {isa = PBXBuildFile; fileRef = 34AA9DA825850D180087798C /* MyUser.swift */; };
		34ADED2C2584B48100A504F5 /* Constants.swift in Sources */ = {isa = PBXBuildFile; fileRef = 34ADED2B2584B48100A504F5 /* Constants.swift */; };
		34B255AA24081B3500599A4C /* SwiftUI.framework in Frameworks */ = {isa = PBXBuildFile; fileRef = 34B255A924081B3500599A4C /* SwiftUI.framework */; settings = {ATTRIBUTES = (Required, ); }; };
		34B4B12524AB668100B092A8 /* Card.swift in Sources */ = {isa = PBXBuildFile; fileRef = 34B4B12424AB668100B092A8 /* Card.swift */; };
		34DCE8C1240817CD00C4EE89 /* MainScreen.swift in Sources */ = {isa = PBXBuildFile; fileRef = 34DCE8C0240817CD00C4EE89 /* MainScreen.swift */; };
		34F1215B258760C800BBB7DB /* Coordinates.swift in Sources */ = {isa = PBXBuildFile; fileRef = 34F1215A258760C800BBB7DB /* Coordinates.swift */; };
		EB070D4687FDECC820081A9F /* Pods_searchparty.framework in Frameworks */ = {isa = PBXBuildFile; fileRef = BAF93CF780A55C6FBF7A9F6D /* Pods_searchparty.framework */; };
		F216C05D25FD5F560026B180 /* LostPetsViewModel.swift in Sources */ = {isa = PBXBuildFile; fileRef = F216C05C25FD5F560026B180 /* LostPetsViewModel.swift */; };
		F216C07625FD605D0026B180 /* LostPet.swift in Sources */ = {isa = PBXBuildFile; fileRef = F216C07525FD605D0026B180 /* LostPet.swift */; };
		F216C0DC25FF078D0026B180 /* PetBackground.swift in Sources */ = {isa = PBXBuildFile; fileRef = F216C0DB25FF078D0026B180 /* PetBackground.swift */; };
		F21E41AE264B0D4400199197 /* LocationViewController.swift in Sources */ = {isa = PBXBuildFile; fileRef = F21E41AD264B0D4400199197 /* LocationViewController.swift */; };
		F21E41B0264B1BD000199197 /* SwiftUISearchViewControllerRepresentable.swift in Sources */ = {isa = PBXBuildFile; fileRef = F21E41AF264B1BD000199197 /* SwiftUISearchViewControllerRepresentable.swift */; };
		F220A6A7265F4FDB00319F2F /* PathPolyline.swift in Sources */ = {isa = PBXBuildFile; fileRef = F220A6A6265F4FDB00319F2F /* PathPolyline.swift */; };
		F220A6C8266F220A00319F2F /* ColorExtension.swift in Sources */ = {isa = PBXBuildFile; fileRef = F220A6C7266F220A00319F2F /* ColorExtension.swift */; };
		F220A6CA2671B4EA00319F2F /* TestUIFile.swift in Sources */ = {isa = PBXBuildFile; fileRef = F220A6C92671B4EA00319F2F /* TestUIFile.swift */; };
		F220A6CE2671C13B00319F2F /* DateExtension.swift in Sources */ = {isa = PBXBuildFile; fileRef = F220A6CD2671C13B00319F2F /* DateExtension.swift */; };
		F233D3CD2633CE6800912F28 /* PrimaryButtonStyle.swift in Sources */ = {isa = PBXBuildFile; fileRef = F233D3CC2633CE6800912F28 /* PrimaryButtonStyle.swift */; };
		F233D3D02633D37400912F28 /* MarkPetAsFound.swift in Sources */ = {isa = PBXBuildFile; fileRef = F233D3CF2633D37400912F28 /* MarkPetAsFound.swift */; };
		F233D3D32633D41400912F28 /* ChatScreen.swift in Sources */ = {isa = PBXBuildFile; fileRef = F233D3D22633D41400912F28 /* ChatScreen.swift */; };
		F233D3D72633D89000912F28 /* EditLostPet.swift in Sources */ = {isa = PBXBuildFile; fileRef = F233D3D62633D89000912F28 /* EditLostPet.swift */; };
		F233D3DB2633E9EC00912F28 /* AccountScreen.swift in Sources */ = {isa = PBXBuildFile; fileRef = F233D3DA2633E9EC00912F28 /* AccountScreen.swift */; };
		F233D3DF2633EDF600912F28 /* AddLostPet.swift in Sources */ = {isa = PBXBuildFile; fileRef = F233D3DE2633EDF600912F28 /* AddLostPet.swift */; };
		F2791A6226006B7100C056A6 /* SPUser.swift in Sources */ = {isa = PBXBuildFile; fileRef = F2791A6126006B7100C056A6 /* SPUser.swift */; };
		F2791A652600746500C056A6 /* Search.swift in Sources */ = {isa = PBXBuildFile; fileRef = F2791A642600746500C056A6 /* Search.swift */; };
		F2791A6A2600750500C056A6 /* SearchPartyUser.swift in Sources */ = {isa = PBXBuildFile; fileRef = F2791A692600750500C056A6 /* SearchPartyUser.swift */; };
		F2791A6D2600759E00C056A6 /* Chat.swift in Sources */ = {isa = PBXBuildFile; fileRef = F2791A6C2600759E00C056A6 /* Chat.swift */; };
		F2791AA52601B3B200C056A6 /* GeoHashConverter.swift in Sources */ = {isa = PBXBuildFile; fileRef = F2791AA42601B3B200C056A6 /* GeoHashConverter.swift */; };
		F27BC5DE2650CD390017B198 /* FirebaseUtil.swift in Sources */ = {isa = PBXBuildFile; fileRef = F27BC5DD2650CD390017B198 /* FirebaseUtil.swift */; };
		F27BC5E4265454080017B198 /* LostViewRouter.swift in Sources */ = {isa = PBXBuildFile; fileRef = F27BC5E3265454080017B198 /* LostViewRouter.swift */; };
		F27BC5E8265575DF0017B198 /* UINavigationControllerExtension.swift in Sources */ = {isa = PBXBuildFile; fileRef = F27BC5E7265575DF0017B198 /* UINavigationControllerExtension.swift */; };
		F27BC5EB26557C680017B198 /* BottomSheet in Frameworks */ = {isa = PBXBuildFile; productRef = F27BC5EA26557C680017B198 /* BottomSheet */; };
		F27BC5EF26557F3D0017B198 /* SearchPartyMapView.swift in Sources */ = {isa = PBXBuildFile; fileRef = F27BC5EE26557F3D0017B198 /* SearchPartyMapView.swift */; };
		F27BC5F12655823C0017B198 /* SearchPartyViewModel.swift in Sources */ = {isa = PBXBuildFile; fileRef = F27BC5F02655823C0017B198 /* SearchPartyViewModel.swift */; };
		F27BC5F3265E07D00017B198 /* SearchPartySearch.swift in Sources */ = {isa = PBXBuildFile; fileRef = F27BC5F2265E07D00017B198 /* SearchPartySearch.swift */; };
		F2A585462607BEDA00E8920E /* SearchPartyView.swift in Sources */ = {isa = PBXBuildFile; fileRef = F2A585452607BEDA00E8920E /* SearchPartyView.swift */; };
		F2A5854B26083CF100E8920E /* ButtonSecondary.swift in Sources */ = {isa = PBXBuildFile; fileRef = F2A5854A26083CF100E8920E /* ButtonSecondary.swift */; };
		F2A5854E260842AB00E8920E /* ForgotPasswordView.swift in Sources */ = {isa = PBXBuildFile; fileRef = F2A5854D260842AA00E8920E /* ForgotPasswordView.swift */; };
		F2A9DBEF25FC7AEB0055AC33 /* Error+Extension.swift in Sources */ = {isa = PBXBuildFile; fileRef = F2A9DBEE25FC7AEB0055AC33 /* Error+Extension.swift */; };
		F2D7454825FAF237003C5157 /* SignInView.swift in Sources */ = {isa = PBXBuildFile; fileRef = F2D7454525FAF236003C5157 /* SignInView.swift */; };
		F2D7454925FAF237003C5157 /* WelcomeView.swift in Sources */ = {isa = PBXBuildFile; fileRef = F2D7454625FAF237003C5157 /* WelcomeView.swift */; };
		F2D7454A25FAF237003C5157 /* SignUpView.swift in Sources */ = {isa = PBXBuildFile; fileRef = F2D7454725FAF237003C5157 /* SignUpView.swift */; };
		F2D7454D25FAF2B3003C5157 /* SplashView.swift in Sources */ = {isa = PBXBuildFile; fileRef = F2D7454C25FAF2B3003C5157 /* SplashView.swift */; };
		F2D7457025FAF6AC003C5157 /* SignUpViewModel.swift in Sources */ = {isa = PBXBuildFile; fileRef = F2D7456125FAF6AC003C5157 /* SignUpViewModel.swift */; };
		F2D7457125FAF6AC003C5157 /* SignInViewModel.swift in Sources */ = {isa = PBXBuildFile; fileRef = F2D7456225FAF6AC003C5157 /* SignInViewModel.swift */; };
		F2D7457225FAF6AC003C5157 /* StatusViewModel.swift in Sources */ = {isa = PBXBuildFile; fileRef = F2D7456325FAF6AC003C5157 /* StatusViewModel.swift */; };
		F2D7457325FAF6AC003C5157 /* AppState.swift in Sources */ = {isa = PBXBuildFile; fileRef = F2D7456525FAF6AC003C5157 /* AppState.swift */; };
		F2D7457425FAF6AC003C5157 /* UIConfiguration.swift in Sources */ = {isa = PBXBuildFile; fileRef = F2D7456625FAF6AC003C5157 /* UIConfiguration.swift */; };
		F2D7457525FAF6AC003C5157 /* UIColorExt.swift in Sources */ = {isa = PBXBuildFile; fileRef = F2D7456725FAF6AC003C5157 /* UIColorExt.swift */; };
		F2D7457625FAF6AC003C5157 /* CustomModifier.swift in Sources */ = {isa = PBXBuildFile; fileRef = F2D7456925FAF6AC003C5157 /* CustomModifier.swift */; };
		F2D7457925FAF6AC003C5157 /* AuthAPI.swift in Sources */ = {isa = PBXBuildFile; fileRef = F2D7456E25FAF6AC003C5157 /* AuthAPI.swift */; };
		F2D7457A25FAF6AC003C5157 /* AuthService.swift in Sources */ = {isa = PBXBuildFile; fileRef = F2D7456F25FAF6AC003C5157 /* AuthService.swift */; };
		F2D7458425FAFC8C003C5157 /* GoogleService-Info.plist in Resources */ = {isa = PBXBuildFile; fileRef = F2D7458325FAFC8C003C5157 /* GoogleService-Info.plist */; };
		F2D7458825FB21B6003C5157 /* OnboardingRouter.swift in Sources */ = {isa = PBXBuildFile; fileRef = F2D7458725FB21B6003C5157 /* OnboardingRouter.swift */; };
		F2D7459225FB2484003C5157 /* PageViewController.swift in Sources */ = {isa = PBXBuildFile; fileRef = F2D7458B25FB2484003C5157 /* PageViewController.swift */; };
		F2D7459325FB2484003C5157 /* OnboardingView.swift in Sources */ = {isa = PBXBuildFile; fileRef = F2D7458C25FB2484003C5157 /* OnboardingView.swift */; };
		F2D7459425FB2484003C5157 /* LottieSubview.swift in Sources */ = {isa = PBXBuildFile; fileRef = F2D7458D25FB2484003C5157 /* LottieSubview.swift */; };
		F2D7459725FB2484003C5157 /* Subview.swift in Sources */ = {isa = PBXBuildFile; fileRef = F2D7459025FB2484003C5157 /* Subview.swift */; };
		F2D745AA25FB24C1003C5157 /* cat_grey.json in Resources */ = {isa = PBXBuildFile; fileRef = F2D7459B25FB24C1003C5157 /* cat_grey.json */; };
		F2D745AB25FB24C1003C5157 /* social_media.json in Resources */ = {isa = PBXBuildFile; fileRef = F2D7459C25FB24C1003C5157 /* social_media.json */; };
		F2D745AD25FB24C1003C5157 /* my_location.json in Resources */ = {isa = PBXBuildFile; fileRef = F2D7459E25FB24C1003C5157 /* my_location.json */; };
		F2D745AE25FB24C1003C5157 /* dont_chase_dog.json in Resources */ = {isa = PBXBuildFile; fileRef = F2D7459F25FB24C1003C5157 /* dont_chase_dog.json */; };
		F2D745AF25FB24C1003C5157 /* cat.json in Resources */ = {isa = PBXBuildFile; fileRef = F2D745A025FB24C1003C5157 /* cat.json */; };
		F2D745B025FB24C1003C5157 /* shelter.json in Resources */ = {isa = PBXBuildFile; fileRef = F2D745A125FB24C1003C5157 /* shelter.json */; };
		F2D745B125FB24C1003C5157 /* dont_give_up.json in Resources */ = {isa = PBXBuildFile; fileRef = F2D745A225FB24C1003C5157 /* dont_give_up.json */; };
		F2D745B225FB24C1003C5157 /* dog_food.json in Resources */ = {isa = PBXBuildFile; fileRef = F2D745A325FB24C1003C5157 /* dog_food.json */; };
		F2D745B325FB24C1003C5157 /* flyer.json in Resources */ = {isa = PBXBuildFile; fileRef = F2D745A425FB24C1003C5157 /* flyer.json */; };
		F2D745B425FB24C1003C5157 /* day_night.json in Resources */ = {isa = PBXBuildFile; fileRef = F2D745A525FB24C1003C5157 /* day_night.json */; };
		F2D745B525FB24C1003C5157 /* bulldog_waiting.json in Resources */ = {isa = PBXBuildFile; fileRef = F2D745A625FB24C1003C5157 /* bulldog_waiting.json */; };
		F2D745B625FB24C1003C5157 /* tree.json in Resources */ = {isa = PBXBuildFile; fileRef = F2D745A725FB24C1003C5157 /* tree.json */; };
		F2D745B725FB24C1003C5157 /* neighborhood.json in Resources */ = {isa = PBXBuildFile; fileRef = F2D745A825FB24C1003C5157 /* neighborhood.json */; };
		F2D745B825FB24C1003C5157 /* dog_sitting.json in Resources */ = {isa = PBXBuildFile; fileRef = F2D745A925FB24C1003C5157 /* dog_sitting.json */; };
		F2D745CB25FB259C003C5157 /* PageControl.swift in Sources */ = {isa = PBXBuildFile; fileRef = F2D745CA25FB259C003C5157 /* PageControl.swift */; };
		F2DBDDD1263B238600E9C987 /* SingleLostPetImage.swift in Sources */ = {isa = PBXBuildFile; fileRef = F2DBDDCD263B238600E9C987 /* SingleLostPetImage.swift */; };
		F2DBDDD2263B238600E9C987 /* PageControlLostPet.swift in Sources */ = {isa = PBXBuildFile; fileRef = F2DBDDCE263B238600E9C987 /* PageControlLostPet.swift */; };
		F2DBDDD3263B238600E9C987 /* PageViewControllerLostPet.swift in Sources */ = {isa = PBXBuildFile; fileRef = F2DBDDCF263B238600E9C987 /* PageViewControllerLostPet.swift */; };
		F2DBDDD4263B238600E9C987 /* PageView.swift in Sources */ = {isa = PBXBuildFile; fileRef = F2DBDDD0263B238600E9C987 /* PageView.swift */; };
		F2DBDDE4263B2FDE00E9C987 /* PetBackgroundSingle.swift in Sources */ = {isa = PBXBuildFile; fileRef = F2DBDDE3263B2FDE00E9C987 /* PetBackgroundSingle.swift */; };
		F2DBDDE6263B39AE00E9C987 /* PetImagePage.swift in Sources */ = {isa = PBXBuildFile; fileRef = F2DBDDE5263B39AE00E9C987 /* PetImagePage.swift */; };
		F2DBDDE8263D0E4800E9C987 /* ImagePicker.swift in Sources */ = {isa = PBXBuildFile; fileRef = F2DBDDE7263D0E4800E9C987 /* ImagePicker.swift */; };
		F2DBDDEF264240D000E9C987 /* cats.json in Resources */ = {isa = PBXBuildFile; fileRef = F2DBDDEE264240D000E9C987 /* cats.json */; };
		F2DBDDF12643A1FA00E9C987 /* AddLostPetViewModel.swift in Sources */ = {isa = PBXBuildFile; fileRef = F2DBDDF02643A1FA00E9C987 /* AddLostPetViewModel.swift */; };
		F2DBDDF42644F5AE00E9C987 /* SampleLocations.swift in Sources */ = {isa = PBXBuildFile; fileRef = F2DBDDF32644F5AD00E9C987 /* SampleLocations.swift */; };
		F2DBDDFD2646372900E9C987 /* iPhoneNumberField in Frameworks */ = {isa = PBXBuildFile; productRef = F2DBDDFC2646372900E9C987 /* iPhoneNumberField */; };
		F2FBDBDB25FBDCC3003CC354 /* AuthenticationState.swift in Sources */ = {isa = PBXBuildFile; fileRef = F2FBDBDA25FBDCC3003CC354 /* AuthenticationState.swift */; };
/* End PBXBuildFile section */

/* Begin PBXFileReference section */
		3403A2FE2406B70F00D7B040 /* searchparty.app */ = {isa = PBXFileReference; explicitFileType = wrapper.application; includeInIndex = 0; path = searchparty.app; sourceTree = BUILT_PRODUCTS_DIR; };
		3403A3012406B70F00D7B040 /* AppDelegate.swift */ = {isa = PBXFileReference; lastKnownFileType = sourcecode.swift; path = AppDelegate.swift; sourceTree = "<group>"; };
		3403A3032406B70F00D7B040 /* SceneDelegate.swift */ = {isa = PBXFileReference; lastKnownFileType = sourcecode.swift; path = SceneDelegate.swift; sourceTree = "<group>"; };
		3403A3072406B71100D7B040 /* Assets.xcassets */ = {isa = PBXFileReference; lastKnownFileType = folder.assetcatalog; path = Assets.xcassets; sourceTree = "<group>"; };
		3403A30A2406B71100D7B040 /* Preview Assets.xcassets */ = {isa = PBXFileReference; lastKnownFileType = folder.assetcatalog; path = "Preview Assets.xcassets"; sourceTree = "<group>"; };
		3403A30D2406B71100D7B040 /* Base */ = {isa = PBXFileReference; lastKnownFileType = file.storyboard; name = Base; path = Base.lproj/LaunchScreen.storyboard; sourceTree = "<group>"; };
		3403A30F2406B71100D7B040 /* Info.plist */ = {isa = PBXFileReference; lastKnownFileType = text.plist.xml; path = Info.plist; sourceTree = "<group>"; };
		3403A3192408099500D7B040 /* LostPets.swift */ = {isa = PBXFileReference; lastKnownFileType = sourcecode.swift; path = LostPets.swift; sourceTree = "<group>"; };
		34041A8D245313F800722D9A /* ModalHeader.swift */ = {isa = PBXFileReference; lastKnownFileType = sourcecode.swift; path = ModalHeader.swift; sourceTree = "<group>"; };
		340A1980249BB0C900D49461 /* AddLostPetMapView.swift */ = {isa = PBXFileReference; lastKnownFileType = sourcecode.swift; path = AddLostPetMapView.swift; sourceTree = "<group>"; };
		341D20D9241CDDCB00C706A2 /* ViewExtensions.swift */ = {isa = PBXFileReference; lastKnownFileType = sourcecode.swift; path = ViewExtensions.swift; sourceTree = "<group>"; };
		341D20DB241CDE0B00C706A2 /* NavigationBarModifier.swift */ = {isa = PBXFileReference; lastKnownFileType = sourcecode.swift; path = NavigationBarModifier.swift; sourceTree = "<group>"; };
		3445A797240A80AF0020561B /* ColorPalette.xcassets */ = {isa = PBXFileReference; lastKnownFileType = folder.assetcatalog; path = ColorPalette.xcassets; sourceTree = "<group>"; };
		3445A79E240B0C3F0020561B /* CardWithBackground.swift */ = {isa = PBXFileReference; lastKnownFileType = sourcecode.swift; path = CardWithBackground.swift; sourceTree = "<group>"; };
		344723BC24ABA9CD003B9F50 /* LostPetView.swift */ = {isa = PBXFileReference; lastKnownFileType = sourcecode.swift; path = LostPetView.swift; sourceTree = "<group>"; };
		344723C024ABB098003B9F50 /* TabItem.swift */ = {isa = PBXFileReference; lastKnownFileType = sourcecode.swift; path = TabItem.swift; sourceTree = "<group>"; };
		344723C724ABC64A003B9F50 /* ButtonApplePay.swift */ = {isa = PBXFileReference; lastKnownFileType = sourcecode.swift; path = ButtonApplePay.swift; sourceTree = "<group>"; };
		345AE3A7241A7A8E004EBE8C /* Modal.swift */ = {isa = PBXFileReference; fileEncoding = 4; lastKnownFileType = sourcecode.swift; path = Modal.swift; sourceTree = "<group>"; };
		345AE3A8241A7A8E004EBE8C /* ModalView.swift */ = {isa = PBXFileReference; fileEncoding = 4; lastKnownFileType = sourcecode.swift; path = ModalView.swift; sourceTree = "<group>"; };
		345AE3A9241A7A8E004EBE8C /* ModalAnchorView.swift */ = {isa = PBXFileReference; fileEncoding = 4; lastKnownFileType = sourcecode.swift; path = ModalAnchorView.swift; sourceTree = "<group>"; };
		345AE3AA241A7A8E004EBE8C /* ModalManager.swift */ = {isa = PBXFileReference; fileEncoding = 4; lastKnownFileType = sourcecode.swift; path = ModalManager.swift; sourceTree = "<group>"; };
		345AE3AF241A7ABD004EBE8C /* ContentView.swift */ = {isa = PBXFileReference; lastKnownFileType = sourcecode.swift; path = ContentView.swift; sourceTree = "<group>"; };
		3461D3DA245C219B009D389E /* Extensions.swift */ = {isa = PBXFileReference; lastKnownFileType = sourcecode.swift; path = Extensions.swift; sourceTree = "<group>"; };
		346DFE1E258503F600449492 /* Picture.swift */ = {isa = PBXFileReference; lastKnownFileType = sourcecode.swift; path = Picture.swift; sourceTree = "<group>"; };
		347853302585F47F0023A217 /* README.md */ = {isa = PBXFileReference; lastKnownFileType = net.daringfireball.markdown; path = README.md; sourceTree = "<group>"; };
		34AA9DA825850D180087798C /* MyUser.swift */ = {isa = PBXFileReference; lastKnownFileType = sourcecode.swift; path = MyUser.swift; sourceTree = "<group>"; };
		34ADED2B2584B48100A504F5 /* Constants.swift */ = {isa = PBXFileReference; lastKnownFileType = sourcecode.swift; path = Constants.swift; sourceTree = "<group>"; };
		34B255A924081B3500599A4C /* SwiftUI.framework */ = {isa = PBXFileReference; lastKnownFileType = wrapper.framework; name = SwiftUI.framework; path = System/Library/Frameworks/SwiftUI.framework; sourceTree = SDKROOT; };
		34B4B12424AB668100B092A8 /* Card.swift */ = {isa = PBXFileReference; lastKnownFileType = sourcecode.swift; path = Card.swift; sourceTree = "<group>"; };
		34DCE8C0240817CD00C4EE89 /* MainScreen.swift */ = {isa = PBXFileReference; lastKnownFileType = sourcecode.swift; path = MainScreen.swift; sourceTree = "<group>"; };
		34F1215A258760C800BBB7DB /* Coordinates.swift */ = {isa = PBXFileReference; lastKnownFileType = sourcecode.swift; path = Coordinates.swift; sourceTree = "<group>"; };
		3C5FA00BB9469F4898CBFCB0 /* Pods-searchparty.release.xcconfig */ = {isa = PBXFileReference; includeInIndex = 1; lastKnownFileType = text.xcconfig; name = "Pods-searchparty.release.xcconfig"; path = "Target Support Files/Pods-searchparty/Pods-searchparty.release.xcconfig"; sourceTree = "<group>"; };
		8D8137A38D55DA01ED477E73 /* Pods-searchparty.debug.xcconfig */ = {isa = PBXFileReference; includeInIndex = 1; lastKnownFileType = text.xcconfig; name = "Pods-searchparty.debug.xcconfig"; path = "Target Support Files/Pods-searchparty/Pods-searchparty.debug.xcconfig"; sourceTree = "<group>"; };
		A1924A760991C453EECAF10E /* Pods-sketch-elements.release.xcconfig */ = {isa = PBXFileReference; includeInIndex = 1; lastKnownFileType = text.xcconfig; name = "Pods-sketch-elements.release.xcconfig"; path = "Target Support Files/Pods-sketch-elements/Pods-sketch-elements.release.xcconfig"; sourceTree = "<group>"; };
		BAF93CF780A55C6FBF7A9F6D /* Pods_searchparty.framework */ = {isa = PBXFileReference; explicitFileType = wrapper.framework; includeInIndex = 0; path = Pods_searchparty.framework; sourceTree = BUILT_PRODUCTS_DIR; };
		C4FA1B351C17CA5F83931D6A /* Pods-sketch-elements.debug.xcconfig */ = {isa = PBXFileReference; includeInIndex = 1; lastKnownFileType = text.xcconfig; name = "Pods-sketch-elements.debug.xcconfig"; path = "Target Support Files/Pods-sketch-elements/Pods-sketch-elements.debug.xcconfig"; sourceTree = "<group>"; };
		F216C05C25FD5F560026B180 /* LostPetsViewModel.swift */ = {isa = PBXFileReference; lastKnownFileType = sourcecode.swift; path = LostPetsViewModel.swift; sourceTree = "<group>"; };
		F216C07525FD605D0026B180 /* LostPet.swift */ = {isa = PBXFileReference; lastKnownFileType = sourcecode.swift; path = LostPet.swift; sourceTree = "<group>"; };
		F216C0DB25FF078D0026B180 /* PetBackground.swift */ = {isa = PBXFileReference; lastKnownFileType = sourcecode.swift; path = PetBackground.swift; sourceTree = "<group>"; };
		F21E41AD264B0D4400199197 /* LocationViewController.swift */ = {isa = PBXFileReference; fileEncoding = 4; lastKnownFileType = sourcecode.swift; path = LocationViewController.swift; sourceTree = "<group>"; };
		F21E41AF264B1BD000199197 /* SwiftUISearchViewControllerRepresentable.swift */ = {isa = PBXFileReference; lastKnownFileType = sourcecode.swift; path = SwiftUISearchViewControllerRepresentable.swift; sourceTree = "<group>"; };
		F220A6A6265F4FDB00319F2F /* PathPolyline.swift */ = {isa = PBXFileReference; lastKnownFileType = sourcecode.swift; path = PathPolyline.swift; sourceTree = "<group>"; };
		F220A6C7266F220A00319F2F /* ColorExtension.swift */ = {isa = PBXFileReference; lastKnownFileType = sourcecode.swift; path = ColorExtension.swift; sourceTree = "<group>"; };
		F220A6C92671B4EA00319F2F /* TestUIFile.swift */ = {isa = PBXFileReference; lastKnownFileType = sourcecode.swift; path = TestUIFile.swift; sourceTree = "<group>"; };
		F220A6CD2671C13B00319F2F /* DateExtension.swift */ = {isa = PBXFileReference; lastKnownFileType = sourcecode.swift; path = DateExtension.swift; sourceTree = "<group>"; };
		F233D3CC2633CE6800912F28 /* PrimaryButtonStyle.swift */ = {isa = PBXFileReference; lastKnownFileType = sourcecode.swift; path = PrimaryButtonStyle.swift; sourceTree = "<group>"; };
		F233D3CF2633D37400912F28 /* MarkPetAsFound.swift */ = {isa = PBXFileReference; lastKnownFileType = sourcecode.swift; path = MarkPetAsFound.swift; sourceTree = "<group>"; };
		F233D3D22633D41400912F28 /* ChatScreen.swift */ = {isa = PBXFileReference; lastKnownFileType = sourcecode.swift; path = ChatScreen.swift; sourceTree = "<group>"; };
		F233D3D62633D89000912F28 /* EditLostPet.swift */ = {isa = PBXFileReference; lastKnownFileType = sourcecode.swift; path = EditLostPet.swift; sourceTree = "<group>"; };
		F233D3DA2633E9EC00912F28 /* AccountScreen.swift */ = {isa = PBXFileReference; lastKnownFileType = sourcecode.swift; path = AccountScreen.swift; sourceTree = "<group>"; };
		F233D3DE2633EDF600912F28 /* AddLostPet.swift */ = {isa = PBXFileReference; lastKnownFileType = sourcecode.swift; path = AddLostPet.swift; sourceTree = "<group>"; };
		F2791A6126006B7100C056A6 /* SPUser.swift */ = {isa = PBXFileReference; lastKnownFileType = sourcecode.swift; path = SPUser.swift; sourceTree = "<group>"; };
		F2791A642600746500C056A6 /* Search.swift */ = {isa = PBXFileReference; lastKnownFileType = sourcecode.swift; path = Search.swift; sourceTree = "<group>"; };
		F2791A692600750500C056A6 /* SearchPartyUser.swift */ = {isa = PBXFileReference; lastKnownFileType = sourcecode.swift; path = SearchPartyUser.swift; sourceTree = "<group>"; };
		F2791A6C2600759E00C056A6 /* Chat.swift */ = {isa = PBXFileReference; lastKnownFileType = sourcecode.swift; path = Chat.swift; sourceTree = "<group>"; };
		F2791AA42601B3B200C056A6 /* GeoHashConverter.swift */ = {isa = PBXFileReference; lastKnownFileType = sourcecode.swift; path = GeoHashConverter.swift; sourceTree = "<group>"; };
		F27BC5DD2650CD390017B198 /* FirebaseUtil.swift */ = {isa = PBXFileReference; lastKnownFileType = sourcecode.swift; path = FirebaseUtil.swift; sourceTree = "<group>"; };
		F27BC5E3265454080017B198 /* LostViewRouter.swift */ = {isa = PBXFileReference; lastKnownFileType = sourcecode.swift; path = LostViewRouter.swift; sourceTree = "<group>"; };
		F27BC5E7265575DF0017B198 /* UINavigationControllerExtension.swift */ = {isa = PBXFileReference; lastKnownFileType = sourcecode.swift; path = UINavigationControllerExtension.swift; sourceTree = "<group>"; };
		F27BC5EE26557F3D0017B198 /* SearchPartyMapView.swift */ = {isa = PBXFileReference; lastKnownFileType = sourcecode.swift; path = SearchPartyMapView.swift; sourceTree = "<group>"; };
		F27BC5F02655823C0017B198 /* SearchPartyViewModel.swift */ = {isa = PBXFileReference; lastKnownFileType = sourcecode.swift; path = SearchPartyViewModel.swift; sourceTree = "<group>"; };
		F27BC5F2265E07D00017B198 /* SearchPartySearch.swift */ = {isa = PBXFileReference; lastKnownFileType = sourcecode.swift; path = SearchPartySearch.swift; sourceTree = "<group>"; };
		F2A585452607BEDA00E8920E /* SearchPartyView.swift */ = {isa = PBXFileReference; lastKnownFileType = sourcecode.swift; path = SearchPartyView.swift; sourceTree = "<group>"; };
		F2A5854A26083CF100E8920E /* ButtonSecondary.swift */ = {isa = PBXFileReference; lastKnownFileType = sourcecode.swift; path = ButtonSecondary.swift; sourceTree = "<group>"; };
		F2A5854D260842AA00E8920E /* ForgotPasswordView.swift */ = {isa = PBXFileReference; lastKnownFileType = sourcecode.swift; path = ForgotPasswordView.swift; sourceTree = "<group>"; };
		F2A9DBEE25FC7AEB0055AC33 /* Error+Extension.swift */ = {isa = PBXFileReference; fileEncoding = 4; lastKnownFileType = sourcecode.swift; path = "Error+Extension.swift"; sourceTree = "<group>"; };
		F2D7454525FAF236003C5157 /* SignInView.swift */ = {isa = PBXFileReference; fileEncoding = 4; lastKnownFileType = sourcecode.swift; path = SignInView.swift; sourceTree = "<group>"; };
		F2D7454625FAF237003C5157 /* WelcomeView.swift */ = {isa = PBXFileReference; fileEncoding = 4; lastKnownFileType = sourcecode.swift; path = WelcomeView.swift; sourceTree = "<group>"; };
		F2D7454725FAF237003C5157 /* SignUpView.swift */ = {isa = PBXFileReference; fileEncoding = 4; lastKnownFileType = sourcecode.swift; path = SignUpView.swift; sourceTree = "<group>"; };
		F2D7454C25FAF2B3003C5157 /* SplashView.swift */ = {isa = PBXFileReference; fileEncoding = 4; lastKnownFileType = sourcecode.swift; path = SplashView.swift; sourceTree = "<group>"; };
		F2D7456125FAF6AC003C5157 /* SignUpViewModel.swift */ = {isa = PBXFileReference; fileEncoding = 4; lastKnownFileType = sourcecode.swift; path = SignUpViewModel.swift; sourceTree = "<group>"; };
		F2D7456225FAF6AC003C5157 /* SignInViewModel.swift */ = {isa = PBXFileReference; fileEncoding = 4; lastKnownFileType = sourcecode.swift; path = SignInViewModel.swift; sourceTree = "<group>"; };
		F2D7456325FAF6AC003C5157 /* StatusViewModel.swift */ = {isa = PBXFileReference; fileEncoding = 4; lastKnownFileType = sourcecode.swift; path = StatusViewModel.swift; sourceTree = "<group>"; };
		F2D7456525FAF6AC003C5157 /* AppState.swift */ = {isa = PBXFileReference; fileEncoding = 4; lastKnownFileType = sourcecode.swift; path = AppState.swift; sourceTree = "<group>"; };
		F2D7456625FAF6AC003C5157 /* UIConfiguration.swift */ = {isa = PBXFileReference; fileEncoding = 4; lastKnownFileType = sourcecode.swift; path = UIConfiguration.swift; sourceTree = "<group>"; };
		F2D7456725FAF6AC003C5157 /* UIColorExt.swift */ = {isa = PBXFileReference; fileEncoding = 4; lastKnownFileType = sourcecode.swift; path = UIColorExt.swift; sourceTree = "<group>"; };
		F2D7456925FAF6AC003C5157 /* CustomModifier.swift */ = {isa = PBXFileReference; fileEncoding = 4; lastKnownFileType = sourcecode.swift; path = CustomModifier.swift; sourceTree = "<group>"; };
		F2D7456E25FAF6AC003C5157 /* AuthAPI.swift */ = {isa = PBXFileReference; fileEncoding = 4; lastKnownFileType = sourcecode.swift; path = AuthAPI.swift; sourceTree = "<group>"; };
		F2D7456F25FAF6AC003C5157 /* AuthService.swift */ = {isa = PBXFileReference; fileEncoding = 4; lastKnownFileType = sourcecode.swift; path = AuthService.swift; sourceTree = "<group>"; };
		F2D7458325FAFC8C003C5157 /* GoogleService-Info.plist */ = {isa = PBXFileReference; fileEncoding = 4; lastKnownFileType = text.plist.xml; path = "GoogleService-Info.plist"; sourceTree = "<group>"; };
		F2D7458725FB21B6003C5157 /* OnboardingRouter.swift */ = {isa = PBXFileReference; lastKnownFileType = sourcecode.swift; path = OnboardingRouter.swift; sourceTree = "<group>"; };
		F2D7458B25FB2484003C5157 /* PageViewController.swift */ = {isa = PBXFileReference; fileEncoding = 4; lastKnownFileType = sourcecode.swift; path = PageViewController.swift; sourceTree = "<group>"; };
		F2D7458C25FB2484003C5157 /* OnboardingView.swift */ = {isa = PBXFileReference; fileEncoding = 4; lastKnownFileType = sourcecode.swift; path = OnboardingView.swift; sourceTree = "<group>"; };
		F2D7458D25FB2484003C5157 /* LottieSubview.swift */ = {isa = PBXFileReference; fileEncoding = 4; lastKnownFileType = sourcecode.swift; path = LottieSubview.swift; sourceTree = "<group>"; };
		F2D7459025FB2484003C5157 /* Subview.swift */ = {isa = PBXFileReference; fileEncoding = 4; lastKnownFileType = sourcecode.swift; path = Subview.swift; sourceTree = "<group>"; };
		F2D7459B25FB24C1003C5157 /* cat_grey.json */ = {isa = PBXFileReference; fileEncoding = 4; lastKnownFileType = text.json; path = cat_grey.json; sourceTree = "<group>"; };
		F2D7459C25FB24C1003C5157 /* social_media.json */ = {isa = PBXFileReference; fileEncoding = 4; lastKnownFileType = text.json; path = social_media.json; sourceTree = "<group>"; };
		F2D7459E25FB24C1003C5157 /* my_location.json */ = {isa = PBXFileReference; fileEncoding = 4; lastKnownFileType = text.json; path = my_location.json; sourceTree = "<group>"; };
		F2D7459F25FB24C1003C5157 /* dont_chase_dog.json */ = {isa = PBXFileReference; fileEncoding = 4; lastKnownFileType = text.json; path = dont_chase_dog.json; sourceTree = "<group>"; };
		F2D745A025FB24C1003C5157 /* cat.json */ = {isa = PBXFileReference; fileEncoding = 4; lastKnownFileType = text.json; path = cat.json; sourceTree = "<group>"; };
		F2D745A125FB24C1003C5157 /* shelter.json */ = {isa = PBXFileReference; fileEncoding = 4; lastKnownFileType = text.json; path = shelter.json; sourceTree = "<group>"; };
		F2D745A225FB24C1003C5157 /* dont_give_up.json */ = {isa = PBXFileReference; fileEncoding = 4; lastKnownFileType = text.json; path = dont_give_up.json; sourceTree = "<group>"; };
		F2D745A325FB24C1003C5157 /* dog_food.json */ = {isa = PBXFileReference; fileEncoding = 4; lastKnownFileType = text.json; path = dog_food.json; sourceTree = "<group>"; };
		F2D745A425FB24C1003C5157 /* flyer.json */ = {isa = PBXFileReference; fileEncoding = 4; lastKnownFileType = text.json; path = flyer.json; sourceTree = "<group>"; };
		F2D745A525FB24C1003C5157 /* day_night.json */ = {isa = PBXFileReference; fileEncoding = 4; lastKnownFileType = text.json; path = day_night.json; sourceTree = "<group>"; };
		F2D745A625FB24C1003C5157 /* bulldog_waiting.json */ = {isa = PBXFileReference; fileEncoding = 4; lastKnownFileType = text.json; path = bulldog_waiting.json; sourceTree = "<group>"; };
		F2D745A725FB24C1003C5157 /* tree.json */ = {isa = PBXFileReference; fileEncoding = 4; lastKnownFileType = text.json; path = tree.json; sourceTree = "<group>"; };
		F2D745A825FB24C1003C5157 /* neighborhood.json */ = {isa = PBXFileReference; fileEncoding = 4; lastKnownFileType = text.json; path = neighborhood.json; sourceTree = "<group>"; };
		F2D745A925FB24C1003C5157 /* dog_sitting.json */ = {isa = PBXFileReference; fileEncoding = 4; lastKnownFileType = text.json; path = dog_sitting.json; sourceTree = "<group>"; };
		F2D745CA25FB259C003C5157 /* PageControl.swift */ = {isa = PBXFileReference; fileEncoding = 4; lastKnownFileType = sourcecode.swift; path = PageControl.swift; sourceTree = "<group>"; };
		F2DBDDCD263B238600E9C987 /* SingleLostPetImage.swift */ = {isa = PBXFileReference; fileEncoding = 4; lastKnownFileType = sourcecode.swift; path = SingleLostPetImage.swift; sourceTree = "<group>"; };
		F2DBDDCE263B238600E9C987 /* PageControlLostPet.swift */ = {isa = PBXFileReference; fileEncoding = 4; lastKnownFileType = sourcecode.swift; path = PageControlLostPet.swift; sourceTree = "<group>"; };
		F2DBDDCF263B238600E9C987 /* PageViewControllerLostPet.swift */ = {isa = PBXFileReference; fileEncoding = 4; lastKnownFileType = sourcecode.swift; path = PageViewControllerLostPet.swift; sourceTree = "<group>"; };
		F2DBDDD0263B238600E9C987 /* PageView.swift */ = {isa = PBXFileReference; fileEncoding = 4; lastKnownFileType = sourcecode.swift; path = PageView.swift; sourceTree = "<group>"; };
		F2DBDDE3263B2FDE00E9C987 /* PetBackgroundSingle.swift */ = {isa = PBXFileReference; lastKnownFileType = sourcecode.swift; path = PetBackgroundSingle.swift; sourceTree = "<group>"; };
		F2DBDDE5263B39AE00E9C987 /* PetImagePage.swift */ = {isa = PBXFileReference; lastKnownFileType = sourcecode.swift; path = PetImagePage.swift; sourceTree = "<group>"; };
		F2DBDDE7263D0E4800E9C987 /* ImagePicker.swift */ = {isa = PBXFileReference; fileEncoding = 4; lastKnownFileType = sourcecode.swift; path = ImagePicker.swift; sourceTree = "<group>"; };
		F2DBDDEE264240D000E9C987 /* cats.json */ = {isa = PBXFileReference; fileEncoding = 4; lastKnownFileType = text.json; path = cats.json; sourceTree = "<group>"; };
		F2DBDDF02643A1FA00E9C987 /* AddLostPetViewModel.swift */ = {isa = PBXFileReference; lastKnownFileType = sourcecode.swift; path = AddLostPetViewModel.swift; sourceTree = "<group>"; };
		F2DBDDF32644F5AD00E9C987 /* SampleLocations.swift */ = {isa = PBXFileReference; lastKnownFileType = sourcecode.swift; path = SampleLocations.swift; sourceTree = "<group>"; };
		F2FBDBDA25FBDCC3003CC354 /* AuthenticationState.swift */ = {isa = PBXFileReference; fileEncoding = 4; lastKnownFileType = sourcecode.swift; path = AuthenticationState.swift; sourceTree = "<group>"; };
/* End PBXFileReference section */

/* Begin PBXFrameworksBuildPhase section */
		3403A2FB2406B70F00D7B040 /* Frameworks */ = {
			isa = PBXFrameworksBuildPhase;
			buildActionMask = 2147483647;
			files = (
				34B255AA24081B3500599A4C /* SwiftUI.framework in Frameworks */,
				F27BC5EB26557C680017B198 /* BottomSheet in Frameworks */,
				EB070D4687FDECC820081A9F /* Pods_searchparty.framework in Frameworks */,
				F2DBDDFD2646372900E9C987 /* iPhoneNumberField in Frameworks */,
			);
			runOnlyForDeploymentPostprocessing = 0;
		};
/* End PBXFrameworksBuildPhase section */

/* Begin PBXGroup section */
		032E0723C584C8B9B0411013 /* Pods */ = {
			isa = PBXGroup;
			children = (
				C4FA1B351C17CA5F83931D6A /* Pods-sketch-elements.debug.xcconfig */,
				A1924A760991C453EECAF10E /* Pods-sketch-elements.release.xcconfig */,
				8D8137A38D55DA01ED477E73 /* Pods-searchparty.debug.xcconfig */,
				3C5FA00BB9469F4898CBFCB0 /* Pods-searchparty.release.xcconfig */,
			);
			path = Pods;
			sourceTree = "<group>";
		};
		3403A2F52406B70F00D7B040 = {
			isa = PBXGroup;
			children = (
				347853302585F47F0023A217 /* README.md */,
				3403A3002406B70F00D7B040 /* searchparty */,
				3403A2FF2406B70F00D7B040 /* Products */,
				34B255A824081B3500599A4C /* Frameworks */,
				032E0723C584C8B9B0411013 /* Pods */,
			);
			sourceTree = "<group>";
		};
		3403A2FF2406B70F00D7B040 /* Products */ = {
			isa = PBXGroup;
			children = (
				3403A2FE2406B70F00D7B040 /* searchparty.app */,
			);
			name = Products;
			sourceTree = "<group>";
		};
		3403A3002406B70F00D7B040 /* searchparty */ = {
			isa = PBXGroup;
			children = (
				F27BC5DC2650CD150017B198 /* Utils */,
				F2DBDDED264240B700E9C987 /* Resources */,
				F2DBDDCC263B238600E9C987 /* LostPetImagesController */,
				F233D3D92633E9DA00912F28 /* Account */,
				F2A9DBED25FC7ADB0055AC33 /* Extensions */,
				F2D7459A25FB24C1003C5157 /* LottieFiles */,
				F2D7458A25FB2476003C5157 /* onboarding */,
				F2D7456825FAF6AC003C5157 /* Components */,
				F2D7456425FAF6AC003C5157 /* Configuration */,
				F2D7456D25FAF6AC003C5157 /* Service */,
				F2D7456025FAF6AC003C5157 /* ViewModel */,
				F2D7454425FAF228003C5157 /* login */,
				3403A3012406B70F00D7B040 /* AppDelegate.swift */,
				3403A3032406B70F00D7B040 /* SceneDelegate.swift */,
				345AE3AF241A7ABD004EBE8C /* ContentView.swift */,
				3445A79B240B03D70020561B /* Lost */,
				349E4BD62415227E0079BF04 /* Elements */,
				3403A31B240809CC00D7B040 /* Models */,
				3403A3072406B71100D7B040 /* Assets.xcassets */,
				3445A797240A80AF0020561B /* ColorPalette.xcassets */,
				3403A30C2406B71100D7B040 /* LaunchScreen.storyboard */,
				F2D7458325FAFC8C003C5157 /* GoogleService-Info.plist */,
				3403A30F2406B71100D7B040 /* Info.plist */,
				3403A3092406B71100D7B040 /* Preview Content */,
			);
			path = searchparty;
			sourceTree = "<group>";
		};
		3403A3092406B71100D7B040 /* Preview Content */ = {
			isa = PBXGroup;
			children = (
				3403A30A2406B71100D7B040 /* Preview Assets.xcassets */,
			);
			path = "Preview Content";
			sourceTree = "<group>";
		};
		3403A31B240809CC00D7B040 /* Models */ = {
			isa = PBXGroup;
			children = (
				3461D3DA245C219B009D389E /* Extensions.swift */,
				344723C024ABB098003B9F50 /* TabItem.swift */,
				34ADED2B2584B48100A504F5 /* Constants.swift */,
				346DFE1E258503F600449492 /* Picture.swift */,
				34AA9DA825850D180087798C /* MyUser.swift */,
				34F1215A258760C800BBB7DB /* Coordinates.swift */,
				F216C07525FD605D0026B180 /* LostPet.swift */,
				F2791A6126006B7100C056A6 /* SPUser.swift */,
				F2791A642600746500C056A6 /* Search.swift */,
				F2791A692600750500C056A6 /* SearchPartyUser.swift */,
				F2791A6C2600759E00C056A6 /* Chat.swift */,
				F2DBDDE5263B39AE00E9C987 /* PetImagePage.swift */,
				F2DBDDF32644F5AD00E9C987 /* SampleLocations.swift */,
				F27BC5F2265E07D00017B198 /* SearchPartySearch.swift */,
				F220A6A6265F4FDB00319F2F /* PathPolyline.swift */,
			);
			path = Models;
			sourceTree = "<group>";
		};
		3445A79B240B03D70020561B /* Lost */ = {
			isa = PBXGroup;
			children = (
				F21E41AD264B0D4400199197 /* LocationViewController.swift */,
				F2DBDDE7263D0E4800E9C987 /* ImagePicker.swift */,
				34DCE8C0240817CD00C4EE89 /* MainScreen.swift */,
				3403A3192408099500D7B040 /* LostPets.swift */,
				344723BC24ABA9CD003B9F50 /* LostPetView.swift */,
				F2A585452607BEDA00E8920E /* SearchPartyView.swift */,
				F233D3CF2633D37400912F28 /* MarkPetAsFound.swift */,
				F233D3D22633D41400912F28 /* ChatScreen.swift */,
				F233D3D62633D89000912F28 /* EditLostPet.swift */,
				F233D3DE2633EDF600912F28 /* AddLostPet.swift */,
				F21E41AF264B1BD000199197 /* SwiftUISearchViewControllerRepresentable.swift */,
				F27BC5E3265454080017B198 /* LostViewRouter.swift */,
				F27BC5EE26557F3D0017B198 /* SearchPartyMapView.swift */,
				F220A6C92671B4EA00319F2F /* TestUIFile.swift */,
			);
			path = Lost;
			sourceTree = "<group>";
		};
		344723C224ABC040003B9F50 /* Card */ = {
			isa = PBXGroup;
			children = (
				3445A79E240B0C3F0020561B /* CardWithBackground.swift */,
				34B4B12424AB668100B092A8 /* Card.swift */,
				F216C0DB25FF078D0026B180 /* PetBackground.swift */,
				F2DBDDE3263B2FDE00E9C987 /* PetBackgroundSingle.swift */,
			);
			path = Card;
			sourceTree = "<group>";
		};
		344723C324ABC078003B9F50 /* Modifiers */ = {
			isa = PBXGroup;
			children = (
				341D20DB241CDE0B00C706A2 /* NavigationBarModifier.swift */,
			);
			path = Modifiers;
			sourceTree = "<group>";
		};
		344723C924ABCAC1003B9F50 /* Button */ = {
			isa = PBXGroup;
			children = (
				344723C724ABC64A003B9F50 /* ButtonApplePay.swift */,
				F2A5854A26083CF100E8920E /* ButtonSecondary.swift */,
				F233D3CC2633CE6800912F28 /* PrimaryButtonStyle.swift */,
			);
			path = Button;
			sourceTree = "<group>";
		};
		345AE3A6241A7A8E004EBE8C /* Modal */ = {
			isa = PBXGroup;
			children = (
				34041A8D245313F800722D9A /* ModalHeader.swift */,
				345AE3A7241A7A8E004EBE8C /* Modal.swift */,
				345AE3A8241A7A8E004EBE8C /* ModalView.swift */,
				345AE3A9241A7A8E004EBE8C /* ModalAnchorView.swift */,
				345AE3AA241A7A8E004EBE8C /* ModalManager.swift */,
			);
			path = Modal;
			sourceTree = "<group>";
		};
		349E4BD62415227E0079BF04 /* Elements */ = {
			isa = PBXGroup;
			children = (
				345AE3A6241A7A8E004EBE8C /* Modal */,
				344723C224ABC040003B9F50 /* Card */,
				344723C924ABCAC1003B9F50 /* Button */,
				341D20D9241CDDCB00C706A2 /* ViewExtensions.swift */,
				344723C324ABC078003B9F50 /* Modifiers */,
				340A1980249BB0C900D49461 /* AddLostPetMapView.swift */,
			);
			path = Elements;
			sourceTree = "<group>";
		};
		34B255A824081B3500599A4C /* Frameworks */ = {
			isa = PBXGroup;
			children = (
				34B255A924081B3500599A4C /* SwiftUI.framework */,
				BAF93CF780A55C6FBF7A9F6D /* Pods_searchparty.framework */,
			);
			name = Frameworks;
			sourceTree = "<group>";
		};
		F233D3D92633E9DA00912F28 /* Account */ = {
			isa = PBXGroup;
			children = (
				F233D3DA2633E9EC00912F28 /* AccountScreen.swift */,
			);
			path = Account;
			sourceTree = "<group>";
		};
		F27BC5DC2650CD150017B198 /* Utils */ = {
			isa = PBXGroup;
			children = (
				F27BC5DD2650CD390017B198 /* FirebaseUtil.swift */,
			);
			path = Utils;
			sourceTree = "<group>";
		};
		F2A9DBED25FC7ADB0055AC33 /* Extensions */ = {
			isa = PBXGroup;
			children = (
				F2A9DBEE25FC7AEB0055AC33 /* Error+Extension.swift */,
				F2791AA42601B3B200C056A6 /* GeoHashConverter.swift */,
				F27BC5E7265575DF0017B198 /* UINavigationControllerExtension.swift */,
				F220A6C7266F220A00319F2F /* ColorExtension.swift */,
				F220A6CD2671C13B00319F2F /* DateExtension.swift */,
			);
			path = Extensions;
			sourceTree = "<group>";
		};
		F2D7454425FAF228003C5157 /* login */ = {
			isa = PBXGroup;
			children = (
				F2D7454C25FAF2B3003C5157 /* SplashView.swift */,
				F2D7454525FAF236003C5157 /* SignInView.swift */,
				F2D7454725FAF237003C5157 /* SignUpView.swift */,
				F2D7454625FAF237003C5157 /* WelcomeView.swift */,
				F2D7458725FB21B6003C5157 /* OnboardingRouter.swift */,
				F2A5854D260842AA00E8920E /* ForgotPasswordView.swift */,
			);
			path = login;
			sourceTree = "<group>";
		};
		F2D7456025FAF6AC003C5157 /* ViewModel */ = {
			isa = PBXGroup;
			children = (
				F2D7456125FAF6AC003C5157 /* SignUpViewModel.swift */,
				F2D7456225FAF6AC003C5157 /* SignInViewModel.swift */,
				F2D7456325FAF6AC003C5157 /* StatusViewModel.swift */,
				F216C05C25FD5F560026B180 /* LostPetsViewModel.swift */,
				F2DBDDF02643A1FA00E9C987 /* AddLostPetViewModel.swift */,
				F27BC5F02655823C0017B198 /* SearchPartyViewModel.swift */,
			);
			path = ViewModel;
			sourceTree = "<group>";
		};
		F2D7456425FAF6AC003C5157 /* Configuration */ = {
			isa = PBXGroup;
			children = (
				F2FBDBDA25FBDCC3003CC354 /* AuthenticationState.swift */,
				F2D7456525FAF6AC003C5157 /* AppState.swift */,
				F2D7456625FAF6AC003C5157 /* UIConfiguration.swift */,
				F2D7456725FAF6AC003C5157 /* UIColorExt.swift */,
			);
			path = Configuration;
			sourceTree = "<group>";
		};
		F2D7456825FAF6AC003C5157 /* Components */ = {
			isa = PBXGroup;
			children = (
				F2D7456925FAF6AC003C5157 /* CustomModifier.swift */,
			);
			path = Components;
			sourceTree = "<group>";
		};
		F2D7456D25FAF6AC003C5157 /* Service */ = {
			isa = PBXGroup;
			children = (
				F2D7456E25FAF6AC003C5157 /* AuthAPI.swift */,
				F2D7456F25FAF6AC003C5157 /* AuthService.swift */,
			);
			path = Service;
			sourceTree = "<group>";
		};
		F2D7458A25FB2476003C5157 /* onboarding */ = {
			isa = PBXGroup;
			children = (
				F2D745CA25FB259C003C5157 /* PageControl.swift */,
				F2D7458D25FB2484003C5157 /* LottieSubview.swift */,
				F2D7458C25FB2484003C5157 /* OnboardingView.swift */,
				F2D7458B25FB2484003C5157 /* PageViewController.swift */,
				F2D7459025FB2484003C5157 /* Subview.swift */,
			);
			path = onboarding;
			sourceTree = "<group>";
		};
		F2D7459A25FB24C1003C5157 /* LottieFiles */ = {
			isa = PBXGroup;
			children = (
				F2D7459B25FB24C1003C5157 /* cat_grey.json */,
				F2D7459C25FB24C1003C5157 /* social_media.json */,
				F2D7459E25FB24C1003C5157 /* my_location.json */,
				F2D7459F25FB24C1003C5157 /* dont_chase_dog.json */,
				F2D745A025FB24C1003C5157 /* cat.json */,
				F2D745A125FB24C1003C5157 /* shelter.json */,
				F2D745A225FB24C1003C5157 /* dont_give_up.json */,
				F2D745A325FB24C1003C5157 /* dog_food.json */,
				F2D745A425FB24C1003C5157 /* flyer.json */,
				F2D745A525FB24C1003C5157 /* day_night.json */,
				F2D745A625FB24C1003C5157 /* bulldog_waiting.json */,
				F2D745A725FB24C1003C5157 /* tree.json */,
				F2D745A825FB24C1003C5157 /* neighborhood.json */,
				F2D745A925FB24C1003C5157 /* dog_sitting.json */,
			);
			path = LottieFiles;
			sourceTree = "<group>";
		};
		F2DBDDCC263B238600E9C987 /* LostPetImagesController */ = {
			isa = PBXGroup;
			children = (
				F2DBDDCD263B238600E9C987 /* SingleLostPetImage.swift */,
				F2DBDDCE263B238600E9C987 /* PageControlLostPet.swift */,
				F2DBDDCF263B238600E9C987 /* PageViewControllerLostPet.swift */,
				F2DBDDD0263B238600E9C987 /* PageView.swift */,
			);
			path = LostPetImagesController;
			sourceTree = "<group>";
		};
		F2DBDDED264240B700E9C987 /* Resources */ = {
			isa = PBXGroup;
			children = (
				F2DBDDEE264240D000E9C987 /* cats.json */,
			);
			path = Resources;
			sourceTree = "<group>";
		};
/* End PBXGroup section */

/* Begin PBXNativeTarget section */
		3403A2FD2406B70F00D7B040 /* searchparty */ = {
			isa = PBXNativeTarget;
			buildConfigurationList = 3403A3122406B71100D7B040 /* Build configuration list for PBXNativeTarget "searchparty" */;
			buildPhases = (
				8B2948E4B81965A27562798D /* [CP] Check Pods Manifest.lock */,
				3403A2FA2406B70F00D7B040 /* Sources */,
				3403A2FB2406B70F00D7B040 /* Frameworks */,
				3403A2FC2406B70F00D7B040 /* Resources */,
				35FD3273A5AA1D45A9BF2A72 /* [CP] Embed Pods Frameworks */,
			);
			buildRules = (
			);
			dependencies = (
			);
			name = searchparty;
			packageProductDependencies = (
				F2DBDDFC2646372900E9C987 /* iPhoneNumberField */,
				F27BC5EA26557C680017B198 /* BottomSheet */,
			);
			productName = "sketch-elements";
			productReference = 3403A2FE2406B70F00D7B040 /* searchparty.app */;
			productType = "com.apple.product-type.application";
		};
/* End PBXNativeTarget section */

/* Begin PBXProject section */
		3403A2F62406B70F00D7B040 /* Project object */ = {
			isa = PBXProject;
			attributes = {
				LastSwiftUpdateCheck = 1130;
				LastUpgradeCheck = 1200;
				ORGANIZATIONNAME = "Filip Molcik";
				TargetAttributes = {
					3403A2FD2406B70F00D7B040 = {
						CreatedOnToolsVersion = 11.3.1;
					};
				};
			};
			buildConfigurationList = 3403A2F92406B70F00D7B040 /* Build configuration list for PBXProject "searchparty" */;
			compatibilityVersion = "Xcode 9.3";
			developmentRegion = en;
			hasScannedForEncodings = 0;
			knownRegions = (
				en,
				Base,
			);
			mainGroup = 3403A2F52406B70F00D7B040;
			packageReferences = (
				3445A794240839DE0020561B /* XCRemoteSwiftPackageReference "url-image" */,
				F2DBDDFB2646372900E9C987 /* XCRemoteSwiftPackageReference "iPhoneNumberField" */,
				F27BC5E926557C680017B198 /* XCRemoteSwiftPackageReference "BottomSheet" */,
			);
			productRefGroup = 3403A2FF2406B70F00D7B040 /* Products */;
			projectDirPath = "";
			projectRoot = "";
			targets = (
				3403A2FD2406B70F00D7B040 /* searchparty */,
			);
		};
/* End PBXProject section */

/* Begin PBXResourcesBuildPhase section */
		3403A2FC2406B70F00D7B040 /* Resources */ = {
			isa = PBXResourcesBuildPhase;
			buildActionMask = 2147483647;
			files = (
				F2D745B825FB24C1003C5157 /* dog_sitting.json in Resources */,
				F2D745B025FB24C1003C5157 /* shelter.json in Resources */,
				F2D745AB25FB24C1003C5157 /* social_media.json in Resources */,
				F2D745B625FB24C1003C5157 /* tree.json in Resources */,
				3445A798240A80AF0020561B /* ColorPalette.xcassets in Resources */,
				F2D745AF25FB24C1003C5157 /* cat.json in Resources */,
				F2D745B125FB24C1003C5157 /* dont_give_up.json in Resources */,
				3403A30E2406B71100D7B040 /* LaunchScreen.storyboard in Resources */,
				F2D745B225FB24C1003C5157 /* dog_food.json in Resources */,
				F2D745AD25FB24C1003C5157 /* my_location.json in Resources */,
				F2D7458425FAFC8C003C5157 /* GoogleService-Info.plist in Resources */,
				F2D745AE25FB24C1003C5157 /* dont_chase_dog.json in Resources */,
				F2D745AA25FB24C1003C5157 /* cat_grey.json in Resources */,
				F2DBDDEF264240D000E9C987 /* cats.json in Resources */,
				F2D745B725FB24C1003C5157 /* neighborhood.json in Resources */,
				F2D745B325FB24C1003C5157 /* flyer.json in Resources */,
				3403A30B2406B71100D7B040 /* Preview Assets.xcassets in Resources */,
				3403A3082406B71100D7B040 /* Assets.xcassets in Resources */,
				F2D745B425FB24C1003C5157 /* day_night.json in Resources */,
				F2D745B525FB24C1003C5157 /* bulldog_waiting.json in Resources */,
			);
			runOnlyForDeploymentPostprocessing = 0;
		};
/* End PBXResourcesBuildPhase section */

/* Begin PBXShellScriptBuildPhase section */
		35FD3273A5AA1D45A9BF2A72 /* [CP] Embed Pods Frameworks */ = {
			isa = PBXShellScriptBuildPhase;
			buildActionMask = 2147483647;
			files = (
			);
			inputFileListPaths = (
				"${PODS_ROOT}/Target Support Files/Pods-searchparty/Pods-searchparty-frameworks-${CONFIGURATION}-input-files.xcfilelist",
			);
			name = "[CP] Embed Pods Frameworks";
			outputFileListPaths = (
				"${PODS_ROOT}/Target Support Files/Pods-searchparty/Pods-searchparty-frameworks-${CONFIGURATION}-output-files.xcfilelist",
			);
			runOnlyForDeploymentPostprocessing = 0;
			shellPath = /bin/sh;
			shellScript = "\"${PODS_ROOT}/Target Support Files/Pods-searchparty/Pods-searchparty-frameworks.sh\"\n";
			showEnvVarsInLog = 0;
		};
		8B2948E4B81965A27562798D /* [CP] Check Pods Manifest.lock */ = {
			isa = PBXShellScriptBuildPhase;
			buildActionMask = 2147483647;
			files = (
			);
			inputFileListPaths = (
			);
			inputPaths = (
				"${PODS_PODFILE_DIR_PATH}/Podfile.lock",
				"${PODS_ROOT}/Manifest.lock",
			);
			name = "[CP] Check Pods Manifest.lock";
			outputFileListPaths = (
			);
			outputPaths = (
				"$(DERIVED_FILE_DIR)/Pods-searchparty-checkManifestLockResult.txt",
			);
			runOnlyForDeploymentPostprocessing = 0;
			shellPath = /bin/sh;
			shellScript = "diff \"${PODS_PODFILE_DIR_PATH}/Podfile.lock\" \"${PODS_ROOT}/Manifest.lock\" > /dev/null\nif [ $? != 0 ] ; then\n    # print error to STDERR\n    echo \"error: The sandbox is not in sync with the Podfile.lock. Run 'pod install' or update your CocoaPods installation.\" >&2\n    exit 1\nfi\n# This output is used by Xcode 'outputs' to avoid re-running this script phase.\necho \"SUCCESS\" > \"${SCRIPT_OUTPUT_FILE_0}\"\n";
			showEnvVarsInLog = 0;
		};
/* End PBXShellScriptBuildPhase section */

/* Begin PBXSourcesBuildPhase section */
		3403A2FA2406B70F00D7B040 /* Sources */ = {
			isa = PBXSourcesBuildPhase;
			buildActionMask = 2147483647;
			files = (
				F2D7459325FB2484003C5157 /* OnboardingView.swift in Sources */,
				F2D7457925FAF6AC003C5157 /* AuthAPI.swift in Sources */,
				F2DBDDD1263B238600E9C987 /* SingleLostPetImage.swift in Sources */,
				F2D7457625FAF6AC003C5157 /* CustomModifier.swift in Sources */,
				F2A5854B26083CF100E8920E /* ButtonSecondary.swift in Sources */,
				3461D3DB245C219B009D389E /* Extensions.swift in Sources */,
				345AE3AC241A7A8E004EBE8C /* ModalView.swift in Sources */,
				F27BC5E4265454080017B198 /* LostViewRouter.swift in Sources */,
				F2D7459425FB2484003C5157 /* LottieSubview.swift in Sources */,
				F233D3CD2633CE6800912F28 /* PrimaryButtonStyle.swift in Sources */,
				3403A3022406B70F00D7B040 /* AppDelegate.swift in Sources */,
				345AE3AD241A7A8E004EBE8C /* ModalAnchorView.swift in Sources */,
				F2D7457125FAF6AC003C5157 /* SignInViewModel.swift in Sources */,
				34ADED2C2584B48100A504F5 /* Constants.swift in Sources */,
				F2D7459725FB2484003C5157 /* Subview.swift in Sources */,
				F2FBDBDB25FBDCC3003CC354 /* AuthenticationState.swift in Sources */,
				F21E41AE264B0D4400199197 /* LocationViewController.swift in Sources */,
				F220A6CE2671C13B00319F2F /* DateExtension.swift in Sources */,
				F2DBDDD4263B238600E9C987 /* PageView.swift in Sources */,
				F216C0DC25FF078D0026B180 /* PetBackground.swift in Sources */,
				F2791AA52601B3B200C056A6 /* GeoHashConverter.swift in Sources */,
				F27BC5E8265575DF0017B198 /* UINavigationControllerExtension.swift in Sources */,
				F21E41B0264B1BD000199197 /* SwiftUISearchViewControllerRepresentable.swift in Sources */,
				F2D7454825FAF237003C5157 /* SignInView.swift in Sources */,
				F2D7454D25FAF2B3003C5157 /* SplashView.swift in Sources */,
				346DFE1F258503F600449492 /* Picture.swift in Sources */,
				F2DBDDD3263B238600E9C987 /* PageViewControllerLostPet.swift in Sources */,
				F2D745CB25FB259C003C5157 /* PageControl.swift in Sources */,
				F233D3D02633D37400912F28 /* MarkPetAsFound.swift in Sources */,
				F2D7457025FAF6AC003C5157 /* SignUpViewModel.swift in Sources */,
				F2DBDDE6263B39AE00E9C987 /* PetImagePage.swift in Sources */,
				F2791A6D2600759E00C056A6 /* Chat.swift in Sources */,
				F27BC5F12655823C0017B198 /* SearchPartyViewModel.swift in Sources */,
				F2A5854E260842AB00E8920E /* ForgotPasswordView.swift in Sources */,
				F2D7457525FAF6AC003C5157 /* UIColorExt.swift in Sources */,
				F216C05D25FD5F560026B180 /* LostPetsViewModel.swift in Sources */,
				F233D3D32633D41400912F28 /* ChatScreen.swift in Sources */,
				F2DBDDE4263B2FDE00E9C987 /* PetBackgroundSingle.swift in Sources */,
				34AA9DA925850D180087798C /* MyUser.swift in Sources */,
				F27BC5F3265E07D00017B198 /* SearchPartySearch.swift in Sources */,
				34041A8E245313F800722D9A /* ModalHeader.swift in Sources */,
				F2DBDDF12643A1FA00E9C987 /* AddLostPetViewModel.swift in Sources */,
				F2D7457425FAF6AC003C5157 /* UIConfiguration.swift in Sources */,
				3445A79F240B0C3F0020561B /* CardWithBackground.swift in Sources */,
				34DCE8C1240817CD00C4EE89 /* MainScreen.swift in Sources */,
				F2DBDDE8263D0E4800E9C987 /* ImagePicker.swift in Sources */,
				F2D7458825FB21B6003C5157 /* OnboardingRouter.swift in Sources */,
				F233D3D72633D89000912F28 /* EditLostPet.swift in Sources */,
				344723C824ABC64A003B9F50 /* ButtonApplePay.swift in Sources */,
				F2D7454A25FAF237003C5157 /* SignUpView.swift in Sources */,
				F233D3DF2633EDF600912F28 /* AddLostPet.swift in Sources */,
				F2D7457225FAF6AC003C5157 /* StatusViewModel.swift in Sources */,
				345AE3AE241A7A8E004EBE8C /* ModalManager.swift in Sources */,
				341D20DC241CDE0B00C706A2 /* NavigationBarModifier.swift in Sources */,
				34F1215B258760C800BBB7DB /* Coordinates.swift in Sources */,
				F2D7457A25FAF6AC003C5157 /* AuthService.swift in Sources */,
				341D20DA241CDDCB00C706A2 /* ViewExtensions.swift in Sources */,
				F220A6A7265F4FDB00319F2F /* PathPolyline.swift in Sources */,
				F27BC5DE2650CD390017B198 /* FirebaseUtil.swift in Sources */,
				F2DBDDF42644F5AE00E9C987 /* SampleLocations.swift in Sources */,
				F220A6C8266F220A00319F2F /* ColorExtension.swift in Sources */,
				F2A9DBEF25FC7AEB0055AC33 /* Error+Extension.swift in Sources */,
				3403A3042406B70F00D7B040 /* SceneDelegate.swift in Sources */,
				340A1981249BB0C900D49461 /* AddLostPetMapView.swift in Sources */,
				F233D3DB2633E9EC00912F28 /* AccountScreen.swift in Sources */,
				F2791A6226006B7100C056A6 /* SPUser.swift in Sources */,
				F2D7457325FAF6AC003C5157 /* AppState.swift in Sources */,
				F27BC5EF26557F3D0017B198 /* SearchPartyMapView.swift in Sources */,
				F2D7459225FB2484003C5157 /* PageViewController.swift in Sources */,
				F2D7454925FAF237003C5157 /* WelcomeView.swift in Sources */,
				F220A6CA2671B4EA00319F2F /* TestUIFile.swift in Sources */,
				344723C124ABB098003B9F50 /* TabItem.swift in Sources */,
				344723BD24ABA9CD003B9F50 /* LostPetView.swift in Sources */,
				34B4B12524AB668100B092A8 /* Card.swift in Sources */,
				345AE3B0241A7ABD004EBE8C /* ContentView.swift in Sources */,
				F2A585462607BEDA00E8920E /* SearchPartyView.swift in Sources */,
				F2791A6A2600750500C056A6 /* SearchPartyUser.swift in Sources */,
				345AE3AB241A7A8E004EBE8C /* Modal.swift in Sources */,
				F216C07625FD605D0026B180 /* LostPet.swift in Sources */,
				F2DBDDD2263B238600E9C987 /* PageControlLostPet.swift in Sources */,
				3403A31A2408099500D7B040 /* LostPets.swift in Sources */,
				F2791A652600746500C056A6 /* Search.swift in Sources */,
			);
			runOnlyForDeploymentPostprocessing = 0;
		};
/* End PBXSourcesBuildPhase section */

/* Begin PBXVariantGroup section */
		3403A30C2406B71100D7B040 /* LaunchScreen.storyboard */ = {
			isa = PBXVariantGroup;
			children = (
				3403A30D2406B71100D7B040 /* Base */,
			);
			name = LaunchScreen.storyboard;
			sourceTree = "<group>";
		};
/* End PBXVariantGroup section */

/* Begin XCBuildConfiguration section */
		3403A3102406B71100D7B040 /* Debug */ = {
			isa = XCBuildConfiguration;
			buildSettings = {
				ALWAYS_SEARCH_USER_PATHS = NO;
				CLANG_ANALYZER_NONNULL = YES;
				CLANG_ANALYZER_NUMBER_OBJECT_CONVERSION = YES_AGGRESSIVE;
				CLANG_CXX_LANGUAGE_STANDARD = "gnu++14";
				CLANG_CXX_LIBRARY = "libc++";
				CLANG_ENABLE_MODULES = YES;
				CLANG_ENABLE_OBJC_ARC = YES;
				CLANG_ENABLE_OBJC_WEAK = YES;
				CLANG_WARN_BLOCK_CAPTURE_AUTORELEASING = YES;
				CLANG_WARN_BOOL_CONVERSION = YES;
				CLANG_WARN_COMMA = YES;
				CLANG_WARN_CONSTANT_CONVERSION = YES;
				CLANG_WARN_DEPRECATED_OBJC_IMPLEMENTATIONS = YES;
				CLANG_WARN_DIRECT_OBJC_ISA_USAGE = YES_ERROR;
				CLANG_WARN_DOCUMENTATION_COMMENTS = YES;
				CLANG_WARN_EMPTY_BODY = YES;
				CLANG_WARN_ENUM_CONVERSION = YES;
				CLANG_WARN_INFINITE_RECURSION = YES;
				CLANG_WARN_INT_CONVERSION = YES;
				CLANG_WARN_NON_LITERAL_NULL_CONVERSION = YES;
				CLANG_WARN_OBJC_IMPLICIT_RETAIN_SELF = YES;
				CLANG_WARN_OBJC_LITERAL_CONVERSION = YES;
				CLANG_WARN_OBJC_ROOT_CLASS = YES_ERROR;
				CLANG_WARN_QUOTED_INCLUDE_IN_FRAMEWORK_HEADER = YES;
				CLANG_WARN_RANGE_LOOP_ANALYSIS = YES;
				CLANG_WARN_STRICT_PROTOTYPES = YES;
				CLANG_WARN_SUSPICIOUS_MOVE = YES;
				CLANG_WARN_UNGUARDED_AVAILABILITY = YES_AGGRESSIVE;
				CLANG_WARN_UNREACHABLE_CODE = YES;
				CLANG_WARN__DUPLICATE_METHOD_MATCH = YES;
				COPY_PHASE_STRIP = NO;
				DEBUG_INFORMATION_FORMAT = dwarf;
				ENABLE_STRICT_OBJC_MSGSEND = YES;
				ENABLE_TESTABILITY = YES;
				GCC_C_LANGUAGE_STANDARD = gnu11;
				GCC_DYNAMIC_NO_PIC = NO;
				GCC_NO_COMMON_BLOCKS = YES;
				GCC_OPTIMIZATION_LEVEL = 0;
				GCC_PREPROCESSOR_DEFINITIONS = (
					"DEBUG=1",
					"$(inherited)",
				);
				GCC_WARN_64_TO_32_BIT_CONVERSION = YES;
				GCC_WARN_ABOUT_RETURN_TYPE = YES_ERROR;
				GCC_WARN_UNDECLARED_SELECTOR = YES;
				GCC_WARN_UNINITIALIZED_AUTOS = YES_AGGRESSIVE;
				GCC_WARN_UNUSED_FUNCTION = YES;
				GCC_WARN_UNUSED_VARIABLE = YES;
				IPHONEOS_DEPLOYMENT_TARGET = 13.2;
				MTL_ENABLE_DEBUG_INFO = INCLUDE_SOURCE;
				MTL_FAST_MATH = YES;
				ONLY_ACTIVE_ARCH = YES;
				SDKROOT = iphoneos;
				SWIFT_ACTIVE_COMPILATION_CONDITIONS = DEBUG;
				SWIFT_OPTIMIZATION_LEVEL = "-Onone";
			};
			name = Debug;
		};
		3403A3112406B71100D7B040 /* Release */ = {
			isa = XCBuildConfiguration;
			buildSettings = {
				ALWAYS_SEARCH_USER_PATHS = NO;
				CLANG_ANALYZER_NONNULL = YES;
				CLANG_ANALYZER_NUMBER_OBJECT_CONVERSION = YES_AGGRESSIVE;
				CLANG_CXX_LANGUAGE_STANDARD = "gnu++14";
				CLANG_CXX_LIBRARY = "libc++";
				CLANG_ENABLE_MODULES = YES;
				CLANG_ENABLE_OBJC_ARC = YES;
				CLANG_ENABLE_OBJC_WEAK = YES;
				CLANG_WARN_BLOCK_CAPTURE_AUTORELEASING = YES;
				CLANG_WARN_BOOL_CONVERSION = YES;
				CLANG_WARN_COMMA = YES;
				CLANG_WARN_CONSTANT_CONVERSION = YES;
				CLANG_WARN_DEPRECATED_OBJC_IMPLEMENTATIONS = YES;
				CLANG_WARN_DIRECT_OBJC_ISA_USAGE = YES_ERROR;
				CLANG_WARN_DOCUMENTATION_COMMENTS = YES;
				CLANG_WARN_EMPTY_BODY = YES;
				CLANG_WARN_ENUM_CONVERSION = YES;
				CLANG_WARN_INFINITE_RECURSION = YES;
				CLANG_WARN_INT_CONVERSION = YES;
				CLANG_WARN_NON_LITERAL_NULL_CONVERSION = YES;
				CLANG_WARN_OBJC_IMPLICIT_RETAIN_SELF = YES;
				CLANG_WARN_OBJC_LITERAL_CONVERSION = YES;
				CLANG_WARN_OBJC_ROOT_CLASS = YES_ERROR;
				CLANG_WARN_QUOTED_INCLUDE_IN_FRAMEWORK_HEADER = YES;
				CLANG_WARN_RANGE_LOOP_ANALYSIS = YES;
				CLANG_WARN_STRICT_PROTOTYPES = YES;
				CLANG_WARN_SUSPICIOUS_MOVE = YES;
				CLANG_WARN_UNGUARDED_AVAILABILITY = YES_AGGRESSIVE;
				CLANG_WARN_UNREACHABLE_CODE = YES;
				CLANG_WARN__DUPLICATE_METHOD_MATCH = YES;
				COPY_PHASE_STRIP = NO;
				DEBUG_INFORMATION_FORMAT = "dwarf-with-dsym";
				ENABLE_NS_ASSERTIONS = NO;
				ENABLE_STRICT_OBJC_MSGSEND = YES;
				GCC_C_LANGUAGE_STANDARD = gnu11;
				GCC_NO_COMMON_BLOCKS = YES;
				GCC_WARN_64_TO_32_BIT_CONVERSION = YES;
				GCC_WARN_ABOUT_RETURN_TYPE = YES_ERROR;
				GCC_WARN_UNDECLARED_SELECTOR = YES;
				GCC_WARN_UNINITIALIZED_AUTOS = YES_AGGRESSIVE;
				GCC_WARN_UNUSED_FUNCTION = YES;
				GCC_WARN_UNUSED_VARIABLE = YES;
				IPHONEOS_DEPLOYMENT_TARGET = 13.2;
				MTL_ENABLE_DEBUG_INFO = NO;
				MTL_FAST_MATH = YES;
				SDKROOT = iphoneos;
				SWIFT_COMPILATION_MODE = wholemodule;
				SWIFT_OPTIMIZATION_LEVEL = "-O";
				VALIDATE_PRODUCT = YES;
			};
			name = Release;
		};
		3403A3132406B71100D7B040 /* Debug */ = {
			isa = XCBuildConfiguration;
			baseConfigurationReference = 8D8137A38D55DA01ED477E73 /* Pods-searchparty.debug.xcconfig */;
			buildSettings = {
				ASSETCATALOG_COMPILER_APPICON_NAME = AppIcon;
				CODE_SIGN_STYLE = Automatic;
				DEVELOPMENT_ASSET_PATHS = "\"searchparty/Preview Content\"";
				DEVELOPMENT_TEAM = MWZP6Z24DW;
				ENABLE_PREVIEWS = YES;
				INFOPLIST_FILE = searchparty/Info.plist;
				IPHONEOS_DEPLOYMENT_TARGET = 14.0;
				LD_RUNPATH_SEARCH_PATHS = (
					"$(inherited)",
					"@executable_path/Frameworks",
				);
				PRODUCT_BUNDLE_IDENTIFIER = chenige.chkchk.searchparty;
				PRODUCT_NAME = "$(TARGET_NAME)";
				SWIFT_VERSION = 5.0;
				TARGETED_DEVICE_FAMILY = "1,2";
			};
			name = Debug;
		};
		3403A3142406B71100D7B040 /* Release */ = {
			isa = XCBuildConfiguration;
			baseConfigurationReference = 3C5FA00BB9469F4898CBFCB0 /* Pods-searchparty.release.xcconfig */;
			buildSettings = {
				ASSETCATALOG_COMPILER_APPICON_NAME = AppIcon;
				CODE_SIGN_STYLE = Automatic;
				DEVELOPMENT_ASSET_PATHS = "\"searchparty/Preview Content\"";
				DEVELOPMENT_TEAM = MWZP6Z24DW;
				ENABLE_PREVIEWS = YES;
				INFOPLIST_FILE = searchparty/Info.plist;
				IPHONEOS_DEPLOYMENT_TARGET = 14.0;
				LD_RUNPATH_SEARCH_PATHS = (
					"$(inherited)",
					"@executable_path/Frameworks",
				);
				PRODUCT_BUNDLE_IDENTIFIER = chenige.chkchk.searchparty;
				PRODUCT_NAME = "$(TARGET_NAME)";
				SWIFT_VERSION = 5.0;
				TARGETED_DEVICE_FAMILY = "1,2";
			};
			name = Release;
		};
/* End XCBuildConfiguration section */

/* Begin XCConfigurationList section */
		3403A2F92406B70F00D7B040 /* Build configuration list for PBXProject "searchparty" */ = {
			isa = XCConfigurationList;
			buildConfigurations = (
				3403A3102406B71100D7B040 /* Debug */,
				3403A3112406B71100D7B040 /* Release */,
			);
			defaultConfigurationIsVisible = 0;
			defaultConfigurationName = Release;
		};
		3403A3122406B71100D7B040 /* Build configuration list for PBXNativeTarget "searchparty" */ = {
			isa = XCConfigurationList;
			buildConfigurations = (
				3403A3132406B71100D7B040 /* Debug */,
				3403A3142406B71100D7B040 /* Release */,
			);
			defaultConfigurationIsVisible = 0;
			defaultConfigurationName = Release;
		};
/* End XCConfigurationList section */

/* Begin XCRemoteSwiftPackageReference section */
		3445A794240839DE0020561B /* XCRemoteSwiftPackageReference "url-image" */ = {
			isa = XCRemoteSwiftPackageReference;
			repositoryURL = "https://github.com/dmytro-anokhin/url-image.git";
			requirement = {
				kind = upToNextMajorVersion;
				minimumVersion = 0.9.10;
			};
		};
		F27BC5E926557C680017B198 /* XCRemoteSwiftPackageReference "BottomSheet" */ = {
			isa = XCRemoteSwiftPackageReference;
			repositoryURL = "https://github.com/LucasMucGH/BottomSheet";
			requirement = {
				branch = main;
				kind = branch;
			};
		};
		F2DBDDFB2646372900E9C987 /* XCRemoteSwiftPackageReference "iPhoneNumberField" */ = {
			isa = XCRemoteSwiftPackageReference;
			repositoryURL = "https://github.com/MojtabaHs/iPhoneNumberField";
			requirement = {
				kind = exactVersion;
				version = 0.5.4;
			};
		};
/* End XCRemoteSwiftPackageReference section */

/* Begin XCSwiftPackageProductDependency section */
		F27BC5EA26557C680017B198 /* BottomSheet */ = {
			isa = XCSwiftPackageProductDependency;
			package = F27BC5E926557C680017B198 /* XCRemoteSwiftPackageReference "BottomSheet" */;
			productName = BottomSheet;
		};
		F2DBDDFC2646372900E9C987 /* iPhoneNumberField */ = {
			isa = XCSwiftPackageProductDependency;
			package = F2DBDDFB2646372900E9C987 /* XCRemoteSwiftPackageReference "iPhoneNumberField" */;
			productName = iPhoneNumberField;
		};
/* End XCSwiftPackageProductDependency section */
	};
	rootObject = 3403A2F62406B70F00D7B040 /* Project object */;
}
