{
  "object": {
    "pins": [
      {
        "package": "BottomSheet",
        "repositoryURL": "https://github.com/LucasMucGH/BottomSheet",
        "state": {
          "branch": "main",
          "revision": "5b5e42a3ff21af6f4bd7f2093e848017369d2b8e",
          "version": null
        }
      },
      {
        "package": "iPhoneNumberField",
        "repositoryURL": "https://github.com/MojtabaHs/iPhoneNumberField",
        "state": {
          "branch": null,
          "revision": "a7b931be173767e6442620198ba9fa554046f0f3",
          "version": "0.5.4"
        }
      },
      {
        "package": "PhoneNumberKit",
        "repositoryURL": "https://github.com/marmelroy/PhoneNumberKit",
        "state": {
          "branch": null,
          "revision": "1ef0431b971f69c48ca5eb4cdba07f2c5da54c35",
          "version": "3.3.3"
        }
      },
      {
        "package": "TPPDF",
        "repositoryURL": "https://github.com/techprimate/TPPDF",
        "state": {
          "branch": null,
          "revision": "e4577f5ac161d35fd4ad41e401b639ef68b81315",
          "version": "2.3.5"
        }
      },
      {
        "package": "URLImage",
        "repositoryURL": "https://github.com/dmytro-anokhin/url-image.git",
        "state": {
          "branch": null,
          "revision": "22eca5ee4f317e0283da75426849ee23f0516022",
          "version": "0.9.19"
        }
      }
    ]
  },
  "version": 1
}
